// !$*UTF8*$!
{
	archiveVersion = 1;
	classes = {
	};
	objectVersion = 48;
	objects = {

/* Begin PBXBuildFile section */
		11C4CA931F7E7999008C89AD /* DateCell.m in Sources */ = {isa = PBXBuildFile; fileRef = 11C4CA911F7E7999008C89AD /* DateCell.m */; };
		11C4CA941F7E7999008C89AD /* DateCell.xib in Resources */ = {isa = PBXBuildFile; fileRef = 11C4CA921F7E7999008C89AD /* DateCell.xib */; };
		11C4CA961F7E7AEE008C89AD /* DateHeadView.xib in Resources */ = {isa = PBXBuildFile; fileRef = 11C4CA951F7E7AEE008C89AD /* DateHeadView.xib */; };
		11C4CA991F7E7DF6008C89AD /* EOCDateModel.m in Sources */ = {isa = PBXBuildFile; fileRef = 11C4CA981F7E7DF6008C89AD /* EOCDateModel.m */; };
		11C4CAA71F7E8AB6008C89AD /* EOCTestCollectViewCtr.m in Sources */ = {isa = PBXBuildFile; fileRef = 11C4CAA51F7E8AB6008C89AD /* EOCTestCollectViewCtr.m */; };
		11C4CAA81F7E8AB6008C89AD /* EOCTestCollectViewCtr.xib in Resources */ = {isa = PBXBuildFile; fileRef = 11C4CAA61F7E8AB6008C89AD /* EOCTestCollectViewCtr.xib */; };
		11C4CAAB1F7E8B7D008C89AD /* EOCCollectionLayout.m in Sources */ = {isa = PBXBuildFile; fileRef = 11C4CAA91F7E8B7D008C89AD /* EOCCollectionLayout.m */; };
		3D1C36CE1F7DCE2A00452698 /* AppDelegate.m in Sources */ = {isa = PBXBuildFile; fileRef = 3D1C36CD1F7DCE2A00452698 /* AppDelegate.m */; };
		3D1C36D11F7DCE2A00452698 /* ViewController.m in Sources */ = {isa = PBXBuildFile; fileRef = 3D1C36D01F7DCE2A00452698 /* ViewController.m */; };
		3D1C36D41F7DCE2A00452698 /* Main.storyboard in Resources */ = {isa = PBXBuildFile; fileRef = 3D1C36D21F7DCE2A00452698 /* Main.storyboard */; };
		3D1C36D61F7DCE2A00452698 /* Assets.xcassets in Resources */ = {isa = PBXBuildFile; fileRef = 3D1C36D51F7DCE2A00452698 /* Assets.xcassets */; };
		3D1C36D91F7DCE2A00452698 /* LaunchScreen.storyboard in Resources */ = {isa = PBXBuildFile; fileRef = 3D1C36D71F7DCE2A00452698 /* LaunchScreen.storyboard */; };
		3D1C36DC1F7DCE2A00452698 /* main.m in Sources */ = {isa = PBXBuildFile; fileRef = 3D1C36DB1F7DCE2A00452698 /* main.m */; };
/* End PBXBuildFile section */

/* Begin PBXFileReference section */
		11C4CA901F7E7999008C89AD /* DateCell.h */ = {isa = PBXFileReference; lastKnownFileType = sourcecode.c.h; path = DateCell.h; sourceTree = "<group>"; };
		11C4CA911F7E7999008C89AD /* DateCell.m */ = {isa = PBXFileReference; lastKnownFileType = sourcecode.c.objc; path = DateCell.m; sourceTree = "<group>"; };
		11C4CA921F7E7999008C89AD /* DateCell.xib */ = {isa = PBXFileReference; lastKnownFileType = file.xib; path = DateCell.xib; sourceTree = "<group>"; };
		11C4CA951F7E7AEE008C89AD /* DateHeadView.xib */ = {isa = PBXFileReference; lastKnownFileType = file.xib; path = DateHeadView.xib; sourceTree = "<group>"; };
		11C4CA971F7E7DF6008C89AD /* EOCDateModel.h */ = {isa = PBXFileReference; lastKnownFileType = sourcecode.c.h; path = EOCDateModel.h; sourceTree = "<group>"; };
		11C4CA981F7E7DF6008C89AD /* EOCDateModel.m */ = {isa = PBXFileReference; lastKnownFileType = sourcecode.c.objc; path = EOCDateModel.m; sourceTree = "<group>"; };
		11C4CAA41F7E8AB6008C89AD /* EOCTestCollectViewCtr.h */ = {isa = PBXFileReference; lastKnownFileType = sourcecode.c.h; path = EOCTestCollectViewCtr.h; sourceTree = "<group>"; };
		11C4CAA51F7E8AB6008C89AD /* EOCTestCollectViewCtr.m */ = {isa = PBXFileReference; lastKnownFileType = sourcecode.c.objc; path = EOCTestCollectViewCtr.m; sourceTree = "<group>"; };
		11C4CAA61F7E8AB6008C89AD /* EOCTestCollectViewCtr.xib */ = {isa = PBXFileReference; lastKnownFileType = file.xib; path = EOCTestCollectViewCtr.xib; sourceTree = "<group>"; };
		11C4CAA91F7E8B7D008C89AD /* EOCCollectionLayout.m */ = {isa = PBXFileReference; fileEncoding = 4; lastKnownFileType = sourcecode.c.objc; path = EOCCollectionLayout.m; sourceTree = "<group>"; };
		11C4CAAA1F7E8B7D008C89AD /* EOCCollectionLayout.h */ = {isa = PBXFileReference; fileEncoding = 4; lastKnownFileType = sourcecode.c.h; path = EOCCollectionLayout.h; sourceTree = "<group>"; };
		3D1C36C91F7DCE2A00452698 /* EOCDate.app */ = {isa = PBXFileReference; explicitFileType = wrapper.application; includeInIndex = 0; path = EOCDate.app; sourceTree = BUILT_PRODUCTS_DIR; };
		3D1C36CC1F7DCE2A00452698 /* AppDelegate.h */ = {isa = PBXFileReference; lastKnownFileType = sourcecode.c.h; path = AppDelegate.h; sourceTree = "<group>"; };
		3D1C36CD1F7DCE2A00452698 /* AppDelegate.m */ = {isa = PBXFileReference; lastKnownFileType = sourcecode.c.objc; path = AppDelegate.m; sourceTree = "<group>"; };
		3D1C36CF1F7DCE2A00452698 /* ViewController.h */ = {isa = PBXFileReference; lastKnownFileType = sourcecode.c.h; path = ViewController.h; sourceTree = "<group>"; };
		3D1C36D01F7DCE2A00452698 /* ViewController.m */ = {isa = PBXFileReference; lastKnownFileType = sourcecode.c.objc; path = ViewController.m; sourceTree = "<group>"; };
		3D1C36D31F7DCE2A00452698 /* Base */ = {isa = PBXFileReference; lastKnownFileType = file.storyboard; name = Base; path = Base.lproj/Main.storyboard; sourceTree = "<group>"; };
		3D1C36D51F7DCE2A00452698 /* Assets.xcassets */ = {isa = PBXFileReference; lastKnownFileType = folder.assetcatalog; path = Assets.xcassets; sourceTree = "<group>"; };
		3D1C36D81F7DCE2A00452698 /* Base */ = {isa = PBXFileReference; lastKnownFileType = file.storyboard; name = Base; path = Base.lproj/LaunchScreen.storyboard; sourceTree = "<group>"; };
		3D1C36DA1F7DCE2A00452698 /* Info.plist */ = {isa = PBXFileReference; lastKnownFileType = text.plist.xml; path = Info.plist; sourceTree = "<group>"; };
		3D1C36DB1F7DCE2A00452698 /* main.m */ = {isa = PBXFileReference; lastKnownFileType = sourcecode.c.objc; path = main.m; sourceTree = "<group>"; };
/* End PBXFileReference section */

/* Begin PBXFrameworksBuildPhase section */
		3D1C36C61F7DCE2A00452698 /* Frameworks */ = {
			isa = PBXFrameworksBuildPhase;
			buildActionMask = 2147483647;
			files = (
			);
			runOnlyForDeploymentPostprocessing = 0;
		};
/* End PBXFrameworksBuildPhase section */

/* Begin PBXGroup section */
		3D1C36C01F7DCE2A00452698 = {
			isa = PBXGroup;
			children = (
				3D1C36CB1F7DCE2A00452698 /* EOCDate */,
				3D1C36CA1F7DCE2A00452698 /* Products */,
			);
			sourceTree = "<group>";
		};
		3D1C36CA1F7DCE2A00452698 /* Products */ = {
			isa = PBXGroup;
			children = (
				3D1C36C91F7DCE2A00452698 /* EOCDate.app */,
			);
			name = Products;
			sourceTree = "<group>";
		};
		3D1C36CB1F7DCE2A00452698 /* EOCDate */ = {
			isa = PBXGroup;
			children = (
				3D1C36CC1F7DCE2A00452698 /* AppDelegate.h */,
				3D1C36CD1F7DCE2A00452698 /* AppDelegate.m */,
				3D1C36CF1F7DCE2A00452698 /* ViewController.h */,
				3D1C36D01F7DCE2A00452698 /* ViewController.m */,
				11C4CA971F7E7DF6008C89AD /* EOCDateModel.h */,
				11C4CA981F7E7DF6008C89AD /* EOCDateModel.m */,
				11C4CA901F7E7999008C89AD /* DateCell.h */,
				11C4CA911F7E7999008C89AD /* DateCell.m */,
				11C4CA921F7E7999008C89AD /* DateCell.xib */,
				11C4CA951F7E7AEE008C89AD /* DateHeadView.xib */,
				11C4CAAA1F7E8B7D008C89AD /* EOCCollectionLayout.h */,
				11C4CAA91F7E8B7D008C89AD /* EOCCollectionLayout.m */,
				11C4CAA41F7E8AB6008C89AD /* EOCTestCollectViewCtr.h */,
				11C4CAA51F7E8AB6008C89AD /* EOCTestCollectViewCtr.m */,
				11C4CAA61F7E8AB6008C89AD /* EOCTestCollectViewCtr.xib */,
				3D1C36D21F7DCE2A00452698 /* Main.storyboard */,
				3D1C36D51F7DCE2A00452698 /* Assets.xcassets */,
				3D1C36D71F7DCE2A00452698 /* LaunchScreen.storyboard */,
				3D1C36DA1F7DCE2A00452698 /* Info.plist */,
				3D1C36DB1F7DCE2A00452698 /* main.m */,
			);
			path = EOCDate;
			sourceTree = "<group>";
		};
/* End PBXGroup section */

/* Begin PBXNativeTarget section */
		3D1C36C81F7DCE2A00452698 /* EOCDate */ = {
			isa = PBXNativeTarget;
			buildConfigurationList = 3D1C36DF1F7DCE2A00452698 /* Build configuration list for PBXNativeTarget "EOCDate" */;
			buildPhases = (
				3D1C36C51F7DCE2A00452698 /* Sources */,
				3D1C36C61F7DCE2A00452698 /* Frameworks */,
				3D1C36C71F7DCE2A00452698 /* Resources */,
			);
			buildRules = (
			);
			dependencies = (
			);
			name = EOCDate;
			productName = EOCDate;
			productReference = 3D1C36C91F7DCE2A00452698 /* EOCDate.app */;
			productType = "com.apple.product-type.application";
		};
/* End PBXNativeTarget section */

/* Begin PBXProject section */
		3D1C36C11F7DCE2A00452698 /* Project object */ = {
			isa = PBXProject;
			attributes = {
				LastUpgradeCheck = 0900;
				ORGANIZATIONNAME = SunYong;
				TargetAttributes = {
					3D1C36C81F7DCE2A00452698 = {
						CreatedOnToolsVersion = 9.0;
						ProvisioningStyle = Automatic;
					};
				};
			};
			buildConfigurationList = 3D1C36C41F7DCE2A00452698 /* Build configuration list for PBXProject "EOCDate" */;
			compatibilityVersion = "Xcode 8.0";
			developmentRegion = en;
			hasScannedForEncodings = 0;
			knownRegions = (
				en,
				Base,
			);
			mainGroup = 3D1C36C01F7DCE2A00452698;
			productRefGroup = 3D1C36CA1F7DCE2A00452698 /* Products */;
			projectDirPath = "";
			projectRoot = "";
			targets = (
				3D1C36C81F7DCE2A00452698 /* EOCDate */,
			);
		};
/* End PBXProject section */

/* Begin PBXResourcesBuildPhase section */
		3D1C36C71F7DCE2A00452698 /* Resources */ = {
			isa = PBXResourcesBuildPhase;
			buildActionMask = 2147483647;
			files = (
				11C4CA961F7E7AEE008C89AD /* DateHeadView.xib in Resources */,
				3D1C36D91F7DCE2A00452698 /* LaunchScreen.storyboard in Resources */,
				3D1C36D61F7DCE2A00452698 /* Assets.xcassets in Resources */,
				3D1C36D41F7DCE2A00452698 /* Main.storyboard in Resources */,
				11C4CA941F7E7999008C89AD /* DateCell.xib in Resources */,
				11C4CAA81F7E8AB6008C89AD /* EOCTestCollectViewCtr.xib in Resources */,
			);
			runOnlyForDeploymentPostprocessing = 0;
		};
/* End PBXResourcesBuildPhase section */

/* Begin PBXSourcesBuildPhase section */
		3D1C36C51F7DCE2A00452698 /* Sources */ = {
			isa = PBXSourcesBuildPhase;
			buildActionMask = 2147483647;
			files = (
				11C4CA991F7E7DF6008C89AD /* EOCDateModel.m in Sources */,
				11C4CAAB1F7E8B7D008C89AD /* EOCCollectionLayout.m in Sources */,
				11C4CAA71F7E8AB6008C89AD /* EOCTestCollectViewCtr.m in Sources */,
				3D1C36D11F7DCE2A00452698 /* ViewController.m in Sources */,
				3D1C36DC1F7DCE2A00452698 /* main.m in Sources */,
				3D1C36CE1F7DCE2A00452698 /* AppDelegate.m in Sources */,
				11C4CA931F7E7999008C89AD /* DateCell.m in Sources */,
			);
			runOnlyForDeploymentPostprocessing = 0;
		};
/* End PBXSourcesBuildPhase section */

/* Begin PBXVariantGroup section */
		3D1C36D21F7DCE2A00452698 /* Main.storyboard */ = {
			isa = PBXVariantGroup;
			children = (
				3D1C36D31F7DCE2A00452698 /* Base */,
			);
			name = Main.storyboard;
			sourceTree = "<group>";
		};
		3D1C36D71F7DCE2A00452698 /* LaunchScreen.storyboard */ = {
			isa = PBXVariantGroup;
			children = (
				3D1C36D81F7DCE2A00452698 /* Base */,
			);
			name = LaunchScreen.storyboard;
			sourceTree = "<group>";
		};
/* End PBXVariantGroup section */

/* Begin XCBuildConfiguration section */
		3D1C36DD1F7DCE2A00452698 /* Debug */ = {
			isa = XCBuildConfiguration;
			buildSettings = {
				ALWAYS_SEARCH_USER_PATHS = NO;
				CLANG_ANALYZER_NONNULL = YES;
				CLANG_ANALYZER_NUMBER_OBJECT_CONVERSION = YES_AGGRESSIVE;
				CLANG_CXX_LANGUAGE_STANDARD = "gnu++14";
				CLANG_CXX_LIBRARY = "libc++";
				CLANG_ENABLE_MODULES = YES;
				CLANG_ENABLE_OBJC_ARC = YES;
				CLANG_WARN_BLOCK_CAPTURE_AUTORELEASING = YES;
				CLANG_WARN_BOOL_CONVERSION = YES;
				CLANG_WARN_COMMA = YES;
				CLANG_WARN_CONSTANT_CONVERSION = YES;
				CLANG_WARN_DIRECT_OBJC_ISA_USAGE = YES_ERROR;
				CLANG_WARN_DOCUMENTATION_COMMENTS = YES;
				CLANG_WARN_EMPTY_BODY = YES;
				CLANG_WARN_ENUM_CONVERSION = YES;
				CLANG_WARN_INFINITE_RECURSION = YES;
				CLANG_WARN_INT_CONVERSION = YES;
				CLANG_WARN_NON_LITERAL_NULL_CONVERSION = YES;
				CLANG_WARN_OBJC_LITERAL_CONVERSION = YES;
				CLANG_WARN_OBJC_ROOT_CLASS = YES_ERROR;
				CLANG_WARN_RANGE_LOOP_ANALYSIS = YES;
				CLANG_WARN_STRICT_PROTOTYPES = YES;
				CLANG_WARN_SUSPICIOUS_MOVE = YES;
				CLANG_WARN_UNGUARDED_AVAILABILITY = YES_AGGRESSIVE;
				CLANG_WARN_UNREACHABLE_CODE = YES;
				CLANG_WARN__DUPLICATE_METHOD_MATCH = YES;
				CODE_SIGN_IDENTITY = "iPhone Developer";
				COPY_PHASE_STRIP = NO;
				DEBUG_INFORMATION_FORMAT = dwarf;
				ENABLE_STRICT_OBJC_MSGSEND = YES;
				ENABLE_TESTABILITY = YES;
				GCC_C_LANGUAGE_STANDARD = gnu11;
				GCC_DYNAMIC_NO_PIC = NO;
				GCC_NO_COMMON_BLOCKS = YES;
				GCC_OPTIMIZATION_LEVEL = 0;
				GCC_PREPROCESSOR_DEFINITIONS = (
					"DEBUG=1",
					"$(inherited)",
				);
				GCC_WARN_64_TO_32_BIT_CONVERSION = YES;
				GCC_WARN_ABOUT_RETURN_TYPE = YES_ERROR;
				GCC_WARN_UNDECLARED_SELECTOR = YES;
				GCC_WARN_UNINITIALIZED_AUTOS = YES_AGGRESSIVE;
				GCC_WARN_UNUSED_FUNCTION = YES;
				GCC_WARN_UNUSED_VARIABLE = YES;
				IPHONEOS_DEPLOYMENT_TARGET = 11.0;
				MTL_ENABLE_DEBUG_INFO = YES;
				ONLY_ACTIVE_ARCH = YES;
				SDKROOT = iphoneos;
			};
			name = Debug;
		};
		3D1C36DE1F7DCE2A00452698 /* Release */ = {
			isa = XCBuildConfiguration;
			buildSettings = {
				ALWAYS_SEARCH_USER_PATHS = NO;
				CLANG_ANALYZER_NONNULL = YES;
				CLANG_ANALYZER_NUMBER_OBJECT_CONVERSION = YES_AGGRESSIVE;
				CLANG_CXX_LANGUAGE_STANDARD = "gnu++14";
				CLANG_CXX_LIBRARY = "libc++";
				CLANG_ENABLE_MODULES = YES;
				CLANG_ENABLE_OBJC_ARC = YES;
				CLANG_WARN_BLOCK_CAPTURE_AUTORELEASING = YES;
				CLANG_WARN_BOOL_CONVERSION = YES;
				CLANG_WARN_COMMA = YES;
				CLANG_WARN_CONSTANT_CONVERSION = YES;
				CLANG_WARN_DIRECT_OBJC_ISA_USAGE = YES_ERROR;
				CLANG_WARN_DOCUMENTATION_COMMENTS = YES;
				CLANG_WARN_EMPTY_BODY = YES;
				CLANG_WARN_ENUM_CONVERSION = YES;
				CLANG_WARN_INFINITE_RECURSION = YES;
				CLANG_WARN_INT_CONVERSION = YES;
				CLANG_WARN_NON_LITERAL_NULL_CONVERSION = YES;
				CLANG_WARN_OBJC_LITERAL_CONVERSION = YES;
				CLANG_WARN_OBJC_ROOT_CLASS = YES_ERROR;
				CLANG_WARN_RANGE_LOOP_ANALYSIS = YES;
				CLANG_WARN_STRICT_PROTOTYPES = YES;
				CLANG_WARN_SUSPICIOUS_MOVE = YES;
				CLANG_WARN_UNGUARDED_AVAILABILITY = YES_AGGRESSIVE;
				CLANG_WARN_UNREACHABLE_CODE = YES;
				CLANG_WARN__DUPLICATE_METHOD_MATCH = YES;
				CODE_SIGN_IDENTITY = "iPhone Developer";
				COPY_PHASE_STRIP = NO;
				DEBUG_INFORMATION_FORMAT = "dwarf-with-dsym";
				ENABLE_NS_ASSERTIONS = NO;
				ENABLE_STRICT_OBJC_MSGSEND = YES;
				GCC_C_LANGUAGE_STANDARD = gnu11;
				GCC_NO_COMMON_BLOCKS = YES;
				GCC_WARN_64_TO_32_BIT_CONVERSION = YES;
				GCC_WARN_ABOUT_RETURN_TYPE = YES_ERROR;
				GCC_WARN_UNDECLARED_SELECTOR = YES;
				GCC_WARN_UNINITIALIZED_AUTOS = YES_AGGRESSIVE;
				GCC_WARN_UNUSED_FUNCTION = YES;
				GCC_WARN_UNUSED_VARIABLE = YES;
				IPHONEOS_DEPLOYMENT_TARGET = 11.0;
				MTL_ENABLE_DEBUG_INFO = NO;
				SDKROOT = iphoneos;
				VALIDATE_PRODUCT = YES;
			};
			name = Release;
		};
		3D1C36E01F7DCE2A00452698 /* Debug */ = {
			isa = XCBuildConfiguration;
			buildSettings = {
				ASSETCATALOG_COMPILER_APPICON_NAME = AppIcon;
				CODE_SIGN_STYLE = Automatic;
				INFOPLIST_FILE = EOCDate/Info.plist;
				LD_RUNPATH_SEARCH_PATHS = "$(inherited) @executable_path/Frameworks";
				PRODUCT_BUNDLE_IDENTIFIER = com..EOCDate;
				PRODUCT_NAME = "$(TARGET_NAME)";
				TARGETED_DEVICE_FAMILY = "1,2";
			};
			name = Debug;
		};
		3D1C36E11F7DCE2A00452698 /* Release */ = {
			isa = XCBuildConfiguration;
			buildSettings = {
				ASSETCATALOG_COMPILER_APPICON_NAME = AppIcon;
				CODE_SIGN_STYLE = Automatic;
				INFOPLIST_FILE = EOCDate/Info.plist;
				LD_RUNPATH_SEARCH_PATHS = "$(inherited) @executable_path/Frameworks";
				PRODUCT_BUNDLE_IDENTIFIER = com..EOCDate;
				PRODUCT_NAME = "$(TARGET_NAME)";
				TARGETED_DEVICE_FAMILY = "1,2";
			};
			name = Release;
		};
/* End XCBuildConfiguration section */

/* Begin XCConfigurationList section */
		3D1C36C41F7DCE2A00452698 /* Build configuration list for PBXProject "EOCDate" */ = {
			isa = XCConfigurationList;
			buildConfigurations = (
				3D1C36DD1F7DCE2A00452698 /* Debug */,
				3D1C36DE1F7DCE2A00452698 /* Release */,
			);
			defaultConfigurationIsVisible = 0;
			defaultConfigurationName = Release;
		};
		3D1C36DF1F7DCE2A00452698 /* Build configuration list for PBXNativeTarget "EOCDate" */ = {
			isa = XCConfigurationList;
			buildConfigurations = (
				3D1C36E01F7DCE2A00452698 /* Debug */,
				3D1C36E11F7DCE2A00452698 /* Release */,
			);
			defaultConfigurationIsVisible = 0;
			defaultConfigurationName = Release;
		};
/* End XCConfigurationList section */
	};
	rootObject = 3D1C36C11F7DCE2A00452698 /* Project object */;
}
